
Microsoft Visual Studio Solution File, Format Version 12.00
# Visual Studio Version 17
VisualStudioVersion = 17.12.35309.182
MinimumVisualStudioVersion = 10.0.40219.1
Project("{888888A0-9F3D-457C-B088-3A5042F75D52}") = "GameLibrary", "GameLibrary\GameLibrary.pyproj", "{9CC8DFDE-E4D7-4638-A55A-9E590A1AB4F4}"
EndProject
Global
	GlobalSection(SolutionConfigurationPlatforms) = preSolution
		Debug|Any CPU = Debug|Any CPU
		Release|Any CPU = Release|Any CPU
	EndGlobalSection
	GlobalSection(ProjectConfigurationPlatforms) = postSolution
		{9CC8DFDE-E4D7-4638-A55A-9E590A1AB4F4}.Debug|Any CPU.ActiveCfg = Debug|Any CPU
		{9CC8DFDE-E4D7-4638-A55A-9E590A1AB4F4}.Debug|Any CPU.Build.0 = Debug|Any CPU
		{9CC8DFDE-E4D7-4638-A55A-9E590A1AB4F4}.Release|Any CPU.ActiveCfg = Release|Any CPU
		{9CC8DFDE-E4D7-4638-A55A-9E590A1AB4F4}.Release|Any CPU.Build.0 = Release|Any CPU
	EndGlobalSection
	GlobalSection(SolutionProperties) = preSolution
		HideSolutionNode = FALSE
	EndGlobalSection
	GlobalSection(ExtensibilityGlobals) = postSolution
		SolutionGuid = {0E88C809-65A2-49AF-BD92-A63E13B68615}
	EndGlobalSection
EndGlobal
